// !$*UTF8*$!
{
	archiveVersion = 1;
	classes = {
	};
	objectVersion = 51;
	objects = {

/* Begin PBXBuildFile section */
		2DCE3BF124C6E2A400FC676E /* LocationManager.swift in Sources */ = {isa = PBXBuildFile; fileRef = 2DCE3BF024C6E2A400FC676E /* LocationManager.swift */; };
		2DE1909124C87A6400C9F215 /* NetworkManager.swift in Sources */ = {isa = PBXBuildFile; fileRef = 2DE1909024C87A6400C9F215 /* NetworkManager.swift */; };
		951ACEDC24C7241A00CBE2D0 /* LabelExtension.swift in Sources */ = {isa = PBXBuildFile; fileRef = 951ACEDB24C7241A00CBE2D0 /* LabelExtension.swift */; };
		951ACEFF24C786A800CBE2D0 /* StackViewExtension.swift in Sources */ = {isa = PBXBuildFile; fileRef = 951ACEFE24C786A800CBE2D0 /* StackViewExtension.swift */; };
		951ACF0124C7A2D200CBE2D0 /* Model.swift in Sources */ = {isa = PBXBuildFile; fileRef = 951ACF0024C7A2D200CBE2D0 /* Model.swift */; };
		952F0C0E24CB49D200814989 /* ImageViewExtension.swift in Sources */ = {isa = PBXBuildFile; fileRef = 952F0C0D24CB49D200814989 /* ImageViewExtension.swift */; };
		952F0C1024CBABF100814989 /* TableViewExtension.swift in Sources */ = {isa = PBXBuildFile; fileRef = 952F0C0F24CBABF100814989 /* TableViewExtension.swift */; };
		952F0C1224CBAEDA00814989 /* ViewExtension.swift in Sources */ = {isa = PBXBuildFile; fileRef = 952F0C1124CBAEDA00814989 /* ViewExtension.swift */; };
		952F0C1424CBB4F700814989 /* NavigationExtension.swift in Sources */ = {isa = PBXBuildFile; fileRef = 952F0C1324CBB4F700814989 /* NavigationExtension.swift */; };
		9559D8F024C6A94700151574 /* AppDelegate.swift in Sources */ = {isa = PBXBuildFile; fileRef = 9559D8EF24C6A94700151574 /* AppDelegate.swift */; };
		9559D8F924C6A94800151574 /* Assets.xcassets in Resources */ = {isa = PBXBuildFile; fileRef = 9559D8F824C6A94800151574 /* Assets.xcassets */; };
		9559D8FC24C6A94800151574 /* LaunchScreen.storyboard in Resources */ = {isa = PBXBuildFile; fileRef = 9559D8FA24C6A94800151574 /* LaunchScreen.storyboard */; };
		9559D90724C6F60400151574 /* CitySearchViewController.swift in Sources */ = {isa = PBXBuildFile; fileRef = 9559D90624C6F60400151574 /* CitySearchViewController.swift */; };
		9559D90D24C6F76200151574 /* WeatherViewController.swift in Sources */ = {isa = PBXBuildFile; fileRef = 9559D90C24C6F76200151574 /* WeatherViewController.swift */; };
		956015C624C99FA100F98252 /* Cities.txt in Resources */ = {isa = PBXBuildFile; fileRef = 956015C524C99FA100F98252 /* Cities.txt */; };
		B6A9D575E315EC39419C284F /* Pods_WeatherApp.framework in Frameworks */ = {isa = PBXBuildFile; fileRef = 9F0C954CB75C8475F6ED0B7A /* Pods_WeatherApp.framework */; };
/* End PBXBuildFile section */

/* Begin PBXFileReference section */
		2DCE3BF024C6E2A400FC676E /* LocationManager.swift */ = {isa = PBXFileReference; lastKnownFileType = sourcecode.swift; path = LocationManager.swift; sourceTree = "<group>"; };
		2DE1909024C87A6400C9F215 /* NetworkManager.swift */ = {isa = PBXFileReference; lastKnownFileType = sourcecode.swift; path = NetworkManager.swift; sourceTree = "<group>"; };
		7F39558C615A1CB2D9B9C6CE /* Pods-WeatherApp.debug.xcconfig */ = {isa = PBXFileReference; includeInIndex = 1; lastKnownFileType = text.xcconfig; name = "Pods-WeatherApp.debug.xcconfig"; path = "Target Support Files/Pods-WeatherApp/Pods-WeatherApp.debug.xcconfig"; sourceTree = "<group>"; };
		90C717F466D6403DB02D503D /* Pods-WeatherApp.release.xcconfig */ = {isa = PBXFileReference; includeInIndex = 1; lastKnownFileType = text.xcconfig; name = "Pods-WeatherApp.release.xcconfig"; path = "Target Support Files/Pods-WeatherApp/Pods-WeatherApp.release.xcconfig"; sourceTree = "<group>"; };
		951ACEDB24C7241A00CBE2D0 /* LabelExtension.swift */ = {isa = PBXFileReference; lastKnownFileType = sourcecode.swift; path = LabelExtension.swift; sourceTree = "<group>"; };
		951ACEFE24C786A800CBE2D0 /* StackViewExtension.swift */ = {isa = PBXFileReference; lastKnownFileType = sourcecode.swift; path = StackViewExtension.swift; sourceTree = "<group>"; };
		951ACF0024C7A2D200CBE2D0 /* Model.swift */ = {isa = PBXFileReference; lastKnownFileType = sourcecode.swift; path = Model.swift; sourceTree = "<group>"; };
		952F0C0D24CB49D200814989 /* ImageViewExtension.swift */ = {isa = PBXFileReference; lastKnownFileType = sourcecode.swift; path = ImageViewExtension.swift; sourceTree = "<group>"; };
		952F0C0F24CBABF100814989 /* TableViewExtension.swift */ = {isa = PBXFileReference; lastKnownFileType = sourcecode.swift; path = TableViewExtension.swift; sourceTree = "<group>"; };
		952F0C1124CBAEDA00814989 /* ViewExtension.swift */ = {isa = PBXFileReference; lastKnownFileType = sourcecode.swift; path = ViewExtension.swift; sourceTree = "<group>"; };
		952F0C1324CBB4F700814989 /* NavigationExtension.swift */ = {isa = PBXFileReference; lastKnownFileType = sourcecode.swift; path = NavigationExtension.swift; sourceTree = "<group>"; };
		9559D8EC24C6A94700151574 /* WeatherApp.app */ = {isa = PBXFileReference; explicitFileType = wrapper.application; includeInIndex = 0; path = WeatherApp.app; sourceTree = BUILT_PRODUCTS_DIR; };
		9559D8EF24C6A94700151574 /* AppDelegate.swift */ = {isa = PBXFileReference; lastKnownFileType = sourcecode.swift; path = AppDelegate.swift; sourceTree = "<group>"; };
		9559D8F824C6A94800151574 /* Assets.xcassets */ = {isa = PBXFileReference; lastKnownFileType = folder.assetcatalog; path = Assets.xcassets; sourceTree = "<group>"; };
		9559D8FB24C6A94800151574 /* Base */ = {isa = PBXFileReference; lastKnownFileType = file.storyboard; name = Base; path = Base.lproj/LaunchScreen.storyboard; sourceTree = "<group>"; };
		9559D8FD24C6A94800151574 /* Info.plist */ = {isa = PBXFileReference; lastKnownFileType = text.plist.xml; path = Info.plist; sourceTree = "<group>"; };
		9559D90624C6F60400151574 /* CitySearchViewController.swift */ = {isa = PBXFileReference; lastKnownFileType = sourcecode.swift; name = CitySearchViewController.swift; path = WeatherApp/Controller/CitySearchViewController.swift; sourceTree = SOURCE_ROOT; };
		9559D90C24C6F76200151574 /* WeatherViewController.swift */ = {isa = PBXFileReference; lastKnownFileType = sourcecode.swift; path = WeatherViewController.swift; sourceTree = "<group>"; };
		956015C524C99FA100F98252 /* Cities.txt */ = {isa = PBXFileReference; lastKnownFileType = text; path = Cities.txt; sourceTree = "<group>"; };
		9F0C954CB75C8475F6ED0B7A /* Pods_WeatherApp.framework */ = {isa = PBXFileReference; explicitFileType = wrapper.framework; includeInIndex = 0; path = Pods_WeatherApp.framework; sourceTree = BUILT_PRODUCTS_DIR; };
/* End PBXFileReference section */

/* Begin PBXFrameworksBuildPhase section */
		9559D8E924C6A94700151574 /* Frameworks */ = {
			isa = PBXFrameworksBuildPhase;
			buildActionMask = 2147483647;
			files = (
				B6A9D575E315EC39419C284F /* Pods_WeatherApp.framework in Frameworks */,
			);
			runOnlyForDeploymentPostprocessing = 0;
		};
/* End PBXFrameworksBuildPhase section */

/* Begin PBXGroup section */
		2DE1908F24C8780500C9F215 /* Services */ = {
			isa = PBXGroup;
			children = (
				2DCE3BF024C6E2A400FC676E /* LocationManager.swift */,
				2DE1909024C87A6400C9F215 /* NetworkManager.swift */,
			);
			path = Services;
			sourceTree = "<group>";
		};
		7A1860CCC1A9E47FCACE6B6C /* Frameworks */ = {
			isa = PBXGroup;
			children = (
				9F0C954CB75C8475F6ED0B7A /* Pods_WeatherApp.framework */,
			);
			name = Frameworks;
			sourceTree = "<group>";
		};
		951ACEFD24C7858300CBE2D0 /* UIExtensions */ = {
			isa = PBXGroup;
			children = (
				951ACEDB24C7241A00CBE2D0 /* LabelExtension.swift */,
				951ACEFE24C786A800CBE2D0 /* StackViewExtension.swift */,
				952F0C0D24CB49D200814989 /* ImageViewExtension.swift */,
				952F0C0F24CBABF100814989 /* TableViewExtension.swift */,
				952F0C1124CBAEDA00814989 /* ViewExtension.swift */,
				952F0C1324CBB4F700814989 /* NavigationExtension.swift */,
			);
			path = UIExtensions;
			sourceTree = "<group>";
		};
		951ACF0224C7A5AB00CBE2D0 /* Resources */ = {
			isa = PBXGroup;
			children = (
				9559D8EF24C6A94700151574 /* AppDelegate.swift */,
				9559D8F824C6A94800151574 /* Assets.xcassets */,
				9559D8FA24C6A94800151574 /* LaunchScreen.storyboard */,
				9559D8FD24C6A94800151574 /* Info.plist */,
			);
			path = Resources;
			sourceTree = "<group>";
		};
		9559D8E324C6A94700151574 = {
			isa = PBXGroup;
			children = (
				9559D8EE24C6A94700151574 /* WeatherApp */,
				9559D8ED24C6A94700151574 /* Products */,
				F612244D142598D9542F2242 /* Pods */,
				7A1860CCC1A9E47FCACE6B6C /* Frameworks */,
			);
			sourceTree = "<group>";
		};
		9559D8ED24C6A94700151574 /* Products */ = {
			isa = PBXGroup;
			children = (
				9559D8EC24C6A94700151574 /* WeatherApp.app */,
			);
			name = Products;
			sourceTree = "<group>";
		};
		9559D8EE24C6A94700151574 /* WeatherApp */ = {
			isa = PBXGroup;
			children = (
				2DE1908F24C8780500C9F215 /* Services */,
				9559D90324C6F4BA00151574 /* Model */,
				9559D90424C6F4CD00151574 /* View */,
				9559D90524C6F4D500151574 /* Controller */,
				951ACF0224C7A5AB00CBE2D0 /* Resources */,
			);
			path = WeatherApp;
			sourceTree = "<group>";
		};
		9559D90324C6F4BA00151574 /* Model */ = {
			isa = PBXGroup;
			children = (
				951ACF0024C7A2D200CBE2D0 /* Model.swift */,
				956015C524C99FA100F98252 /* Cities.txt */,
			);
			path = Model;
			sourceTree = "<group>";
		};
		9559D90424C6F4CD00151574 /* View */ = {
			isa = PBXGroup;
			children = (
				951ACEFD24C7858300CBE2D0 /* UIExtensions */,
			);
			path = View;
			sourceTree = "<group>";
		};
		9559D90524C6F4D500151574 /* Controller */ = {
			isa = PBXGroup;
			children = (
				9559D90C24C6F76200151574 /* WeatherViewController.swift */,
				9559D90624C6F60400151574 /* CitySearchViewController.swift */,
			);
			path = Controller;
			sourceTree = "<group>";
		};
		F612244D142598D9542F2242 /* Pods */ = {
			isa = PBXGroup;
			children = (
				7F39558C615A1CB2D9B9C6CE /* Pods-WeatherApp.debug.xcconfig */,
				90C717F466D6403DB02D503D /* Pods-WeatherApp.release.xcconfig */,
			);
			path = Pods;
			sourceTree = "<group>";
		};
/* End PBXGroup section */

/* Begin PBXNativeTarget section */
		9559D8EB24C6A94700151574 /* WeatherApp */ = {
			isa = PBXNativeTarget;
			buildConfigurationList = 9559D90024C6A94800151574 /* Build configuration list for PBXNativeTarget "WeatherApp" */;
			buildPhases = (
				4FF0D21DDB3830CD82535684 /* [CP] Check Pods Manifest.lock */,
				9559D8E824C6A94700151574 /* Sources */,
				9559D8E924C6A94700151574 /* Frameworks */,
				9559D8EA24C6A94700151574 /* Resources */,
				20B23FA03D7DD2702868AE37 /* [CP] Embed Pods Frameworks */,
			);
			buildRules = (
			);
			dependencies = (
			);
			name = WeatherApp;
			productName = WeatherApp;
			productReference = 9559D8EC24C6A94700151574 /* WeatherApp.app */;
			productType = "com.apple.product-type.application";
		};
/* End PBXNativeTarget section */

/* Begin PBXProject section */
		9559D8E424C6A94700151574 /* Project object */ = {
			isa = PBXProject;
			attributes = {
				LastSwiftUpdateCheck = 1160;
				LastUpgradeCheck = 1160;
				ORGANIZATIONNAME = " Alexander";
				TargetAttributes = {
					9559D8EB24C6A94700151574 = {
						CreatedOnToolsVersion = 11.6;
					};
				};
			};
			buildConfigurationList = 9559D8E724C6A94700151574 /* Build configuration list for PBXProject "WeatherApp" */;
			compatibilityVersion = "Xcode 9.3";
			developmentRegion = en;
			hasScannedForEncodings = 0;
			knownRegions = (
				en,
				Base,
			);
			mainGroup = 9559D8E324C6A94700151574;
			productRefGroup = 9559D8ED24C6A94700151574 /* Products */;
			projectDirPath = "";
			projectRoot = "";
			targets = (
				9559D8EB24C6A94700151574 /* WeatherApp */,
			);
		};
/* End PBXProject section */

/* Begin PBXResourcesBuildPhase section */
		9559D8EA24C6A94700151574 /* Resources */ = {
			isa = PBXResourcesBuildPhase;
			buildActionMask = 2147483647;
			files = (
				9559D8FC24C6A94800151574 /* LaunchScreen.storyboard in Resources */,
				9559D8F924C6A94800151574 /* Assets.xcassets in Resources */,
				956015C624C99FA100F98252 /* Cities.txt in Resources */,
			);
			runOnlyForDeploymentPostprocessing = 0;
		};
/* End PBXResourcesBuildPhase section */

/* Begin PBXShellScriptBuildPhase section */
		20B23FA03D7DD2702868AE37 /* [CP] Embed Pods Frameworks */ = {
			isa = PBXShellScriptBuildPhase;
			buildActionMask = 2147483647;
			files = (
			);
			inputFileListPaths = (
				"${PODS_ROOT}/Target Support Files/Pods-WeatherApp/Pods-WeatherApp-frameworks-${CONFIGURATION}-input-files.xcfilelist",
			);
			name = "[CP] Embed Pods Frameworks";
			outputFileListPaths = (
				"${PODS_ROOT}/Target Support Files/Pods-WeatherApp/Pods-WeatherApp-frameworks-${CONFIGURATION}-output-files.xcfilelist",
			);
			runOnlyForDeploymentPostprocessing = 0;
			shellPath = /bin/sh;
			shellScript = "\"${PODS_ROOT}/Target Support Files/Pods-WeatherApp/Pods-WeatherApp-frameworks.sh\"\n";
			showEnvVarsInLog = 0;
		};
		4FF0D21DDB3830CD82535684 /* [CP] Check Pods Manifest.lock */ = {
			isa = PBXShellScriptBuildPhase;
			buildActionMask = 2147483647;
			files = (
			);
			inputFileListPaths = (
			);
			inputPaths = (
				"${PODS_PODFILE_DIR_PATH}/Podfile.lock",
				"${PODS_ROOT}/Manifest.lock",
			);
			name = "[CP] Check Pods Manifest.lock";
			outputFileListPaths = (
			);
			outputPaths = (
				"$(DERIVED_FILE_DIR)/Pods-WeatherApp-checkManifestLockResult.txt",
			);
			runOnlyForDeploymentPostprocessing = 0;
			shellPath = /bin/sh;
			shellScript = "diff \"${PODS_PODFILE_DIR_PATH}/Podfile.lock\" \"${PODS_ROOT}/Manifest.lock\" > /dev/null\nif [ $? != 0 ] ; then\n    # print error to STDERR\n    echo \"error: The sandbox is not in sync with the Podfile.lock. Run 'pod install' or update your CocoaPods installation.\" >&2\n    exit 1\nfi\n# This output is used by Xcode 'outputs' to avoid re-running this script phase.\necho \"SUCCESS\" > \"${SCRIPT_OUTPUT_FILE_0}\"\n";
			showEnvVarsInLog = 0;
		};
/* End PBXShellScriptBuildPhase section */

/* Begin PBXSourcesBuildPhase section */
		9559D8E824C6A94700151574 /* Sources */ = {
			isa = PBXSourcesBuildPhase;
			buildActionMask = 2147483647;
			files = (
				951ACEDC24C7241A00CBE2D0 /* LabelExtension.swift in Sources */,
				9559D90724C6F60400151574 /* CitySearchViewController.swift in Sources */,
				9559D90D24C6F76200151574 /* WeatherViewController.swift in Sources */,
				951ACF0124C7A2D200CBE2D0 /* Model.swift in Sources */,
				952F0C0E24CB49D200814989 /* ImageViewExtension.swift in Sources */,
				952F0C1424CBB4F700814989 /* NavigationExtension.swift in Sources */,
				2DE1909124C87A6400C9F215 /* NetworkManager.swift in Sources */,
				952F0C1224CBAEDA00814989 /* ViewExtension.swift in Sources */,
				2DCE3BF124C6E2A400FC676E /* LocationManager.swift in Sources */,
				9559D8F024C6A94700151574 /* AppDelegate.swift in Sources */,
				951ACEFF24C786A800CBE2D0 /* StackViewExtension.swift in Sources */,
				952F0C1024CBABF100814989 /* TableViewExtension.swift in Sources */,
			);
			runOnlyForDeploymentPostprocessing = 0;
		};
/* End PBXSourcesBuildPhase section */

/* Begin PBXVariantGroup section */
		9559D8FA24C6A94800151574 /* LaunchScreen.storyboard */ = {
			isa = PBXVariantGroup;
			children = (
				9559D8FB24C6A94800151574 /* Base */,
			);
			name = LaunchScreen.storyboard;
			sourceTree = "<group>";
		};
/* End PBXVariantGroup section */

/* Begin XCBuildConfiguration section */
		9559D8FE24C6A94800151574 /* Debug */ = {
			isa = XCBuildConfiguration;
			buildSettings = {
				ALWAYS_SEARCH_USER_PATHS = NO;
				CLANG_ANALYZER_NONNULL = YES;
				CLANG_ANALYZER_NUMBER_OBJECT_CONVERSION = YES_AGGRESSIVE;
				CLANG_CXX_LANGUAGE_STANDARD = "gnu++14";
				CLANG_CXX_LIBRARY = "libc++";
				CLANG_ENABLE_MODULES = YES;
				CLANG_ENABLE_OBJC_ARC = YES;
				CLANG_ENABLE_OBJC_WEAK = YES;
				CLANG_WARN_BLOCK_CAPTURE_AUTORELEASING = YES;
				CLANG_WARN_BOOL_CONVERSION = YES;
				CLANG_WARN_COMMA = YES;
				CLANG_WARN_CONSTANT_CONVERSION = YES;
				CLANG_WARN_DEPRECATED_OBJC_IMPLEMENTATIONS = YES;
				CLANG_WARN_DIRECT_OBJC_ISA_USAGE = YES_ERROR;
				CLANG_WARN_DOCUMENTATION_COMMENTS = YES;
				CLANG_WARN_EMPTY_BODY = YES;
				CLANG_WARN_ENUM_CONVERSION = YES;
				CLANG_WARN_INFINITE_RECURSION = YES;
				CLANG_WARN_INT_CONVERSION = YES;
				CLANG_WARN_NON_LITERAL_NULL_CONVERSION = YES;
				CLANG_WARN_OBJC_IMPLICIT_RETAIN_SELF = YES;
				CLANG_WARN_OBJC_LITERAL_CONVERSION = YES;
				CLANG_WARN_OBJC_ROOT_CLASS = YES_ERROR;
				CLANG_WARN_RANGE_LOOP_ANALYSIS = YES;
				CLANG_WARN_STRICT_PROTOTYPES = YES;
				CLANG_WARN_SUSPICIOUS_MOVE = YES;
				CLANG_WARN_UNGUARDED_AVAILABILITY = YES_AGGRESSIVE;
				CLANG_WARN_UNREACHABLE_CODE = YES;
				CLANG_WARN__DUPLICATE_METHOD_MATCH = YES;
				COPY_PHASE_STRIP = NO;
				DEBUG_INFORMATION_FORMAT = dwarf;
				ENABLE_STRICT_OBJC_MSGSEND = YES;
				ENABLE_TESTABILITY = YES;
				GCC_C_LANGUAGE_STANDARD = gnu11;
				GCC_DYNAMIC_NO_PIC = NO;
				GCC_NO_COMMON_BLOCKS = YES;
				GCC_OPTIMIZATION_LEVEL = 0;
				GCC_PREPROCESSOR_DEFINITIONS = (
					"DEBUG=1",
					"$(inherited)",
				);
				GCC_WARN_64_TO_32_BIT_CONVERSION = YES;
				GCC_WARN_ABOUT_RETURN_TYPE = YES_ERROR;
				GCC_WARN_UNDECLARED_SELECTOR = YES;
				GCC_WARN_UNINITIALIZED_AUTOS = YES_AGGRESSIVE;
				GCC_WARN_UNUSED_FUNCTION = YES;
				GCC_WARN_UNUSED_VARIABLE = YES;
				IPHONEOS_DEPLOYMENT_TARGET = 13.6;
				MTL_ENABLE_DEBUG_INFO = INCLUDE_SOURCE;
				MTL_FAST_MATH = YES;
				ONLY_ACTIVE_ARCH = YES;
				SDKROOT = iphoneos;
				SWIFT_ACTIVE_COMPILATION_CONDITIONS = DEBUG;
				SWIFT_OPTIMIZATION_LEVEL = "-Onone";
			};
			name = Debug;
		};
		9559D8FF24C6A94800151574 /* Release */ = {
			isa = XCBuildConfiguration;
			buildSettings = {
				ALWAYS_SEARCH_USER_PATHS = NO;
				CLANG_ANALYZER_NONNULL = YES;
				CLANG_ANALYZER_NUMBER_OBJECT_CONVERSION = YES_AGGRESSIVE;
				CLANG_CXX_LANGUAGE_STANDARD = "gnu++14";
				CLANG_CXX_LIBRARY = "libc++";
				CLANG_ENABLE_MODULES = YES;
				CLANG_ENABLE_OBJC_ARC = YES;
				CLANG_ENABLE_OBJC_WEAK = YES;
				CLANG_WARN_BLOCK_CAPTURE_AUTORELEASING = YES;
				CLANG_WARN_BOOL_CONVERSION = YES;
				CLANG_WARN_COMMA = YES;
				CLANG_WARN_CONSTANT_CONVERSION = YES;
				CLANG_WARN_DEPRECATED_OBJC_IMPLEMENTATIONS = YES;
				CLANG_WARN_DIRECT_OBJC_ISA_USAGE = YES_ERROR;
				CLANG_WARN_DOCUMENTATION_COMMENTS = YES;
				CLANG_WARN_EMPTY_BODY = YES;
				CLANG_WARN_ENUM_CONVERSION = YES;
				CLANG_WARN_INFINITE_RECURSION = YES;
				CLANG_WARN_INT_CONVERSION = YES;
				CLANG_WARN_NON_LITERAL_NULL_CONVERSION = YES;
				CLANG_WARN_OBJC_IMPLICIT_RETAIN_SELF = YES;
				CLANG_WARN_OBJC_LITERAL_CONVERSION = YES;
				CLANG_WARN_OBJC_ROOT_CLASS = YES_ERROR;
				CLANG_WARN_RANGE_LOOP_ANALYSIS = YES;
				CLANG_WARN_STRICT_PROTOTYPES = YES;
				CLANG_WARN_SUSPICIOUS_MOVE = YES;
				CLANG_WARN_UNGUARDED_AVAILABILITY = YES_AGGRESSIVE;
				CLANG_WARN_UNREACHABLE_CODE = YES;
				CLANG_WARN__DUPLICATE_METHOD_MATCH = YES;
				COPY_PHASE_STRIP = NO;
				DEBUG_INFORMATION_FORMAT = "dwarf-with-dsym";
				ENABLE_NS_ASSERTIONS = NO;
				ENABLE_STRICT_OBJC_MSGSEND = YES;
				GCC_C_LANGUAGE_STANDARD = gnu11;
				GCC_NO_COMMON_BLOCKS = YES;
				GCC_WARN_64_TO_32_BIT_CONVERSION = YES;
				GCC_WARN_ABOUT_RETURN_TYPE = YES_ERROR;
				GCC_WARN_UNDECLARED_SELECTOR = YES;
				GCC_WARN_UNINITIALIZED_AUTOS = YES_AGGRESSIVE;
				GCC_WARN_UNUSED_FUNCTION = YES;
				GCC_WARN_UNUSED_VARIABLE = YES;
				IPHONEOS_DEPLOYMENT_TARGET = 13.6;
				MTL_ENABLE_DEBUG_INFO = NO;
				MTL_FAST_MATH = YES;
				SDKROOT = iphoneos;
				SWIFT_COMPILATION_MODE = wholemodule;
				SWIFT_OPTIMIZATION_LEVEL = "-O";
				VALIDATE_PRODUCT = YES;
			};
			name = Release;
		};
		9559D90124C6A94800151574 /* Debug */ = {
			isa = XCBuildConfiguration;
			baseConfigurationReference = 7F39558C615A1CB2D9B9C6CE /* Pods-WeatherApp.debug.xcconfig */;
			buildSettings = {
				ASSETCATALOG_COMPILER_APPICON_NAME = AppIcon;
				CODE_SIGN_IDENTITY = "Apple Development";
				CODE_SIGN_STYLE = Automatic;
				DEVELOPMENT_TEAM = U929TJA927;
				INFOPLIST_FILE = WeatherApp/Resources/Info.plist;
				IPHONEOS_DEPLOYMENT_TARGET = 13.5;
				LD_RUNPATH_SEARCH_PATHS = (
					"$(inherited)",
					"@executable_path/Frameworks",
				);
				PRODUCT_BUNDLE_IDENTIFIER = abc.com.WeatherApp;
				PRODUCT_NAME = "$(TARGET_NAME)";
				PROVISIONING_PROFILE_SPECIFIER = "";
				SWIFT_VERSION = 5.0;
				TARGETED_DEVICE_FAMILY = "1,2";
			};
			name = Debug;
		};
		9559D90224C6A94800151574 /* Release */ = {
			isa = XCBuildConfiguration;
			baseConfigurationReference = 90C717F466D6403DB02D503D /* Pods-WeatherApp.release.xcconfig */;
			buildSettings = {
				ASSETCATALOG_COMPILER_APPICON_NAME = AppIcon;
				CODE_SIGN_IDENTITY = "Apple Development";
				CODE_SIGN_STYLE = Automatic;
				DEVELOPMENT_TEAM = 2VY9AS466G;
				INFOPLIST_FILE = WeatherApp/Resources/Info.plist;
				IPHONEOS_DEPLOYMENT_TARGET = 13.5;
				LD_RUNPATH_SEARCH_PATHS = (
					"$(inherited)",
					"@executable_path/Frameworks",
				);
				PRODUCT_BUNDLE_IDENTIFIER = abc.com.WeatherApp;
				PRODUCT_NAME = "$(TARGET_NAME)";
				PROVISIONING_PROFILE_SPECIFIER = "";
				SWIFT_VERSION = 5.0;
				TARGETED_DEVICE_FAMILY = "1,2";
			};
			name = Release;
		};
/* End XCBuildConfiguration section */

/* Begin XCConfigurationList section */
		9559D8E724C6A94700151574 /* Build configuration list for PBXProject "WeatherApp" */ = {
			isa = XCConfigurationList;
			buildConfigurations = (
				9559D8FE24C6A94800151574 /* Debug */,
				9559D8FF24C6A94800151574 /* Release */,
			);
			defaultConfigurationIsVisible = 0;
			defaultConfigurationName = Release;
		};
		9559D90024C6A94800151574 /* Build configuration list for PBXNativeTarget "WeatherApp" */ = {
			isa = XCConfigurationList;
			buildConfigurations = (
				9559D90124C6A94800151574 /* Debug */,
				9559D90224C6A94800151574 /* Release */,
			);
			defaultConfigurationIsVisible = 0;
			defaultConfigurationName = Release;
		};
/* End XCConfigurationList section */
	};
	rootObject = 9559D8E424C6A94700151574 /* Project object */;
}
